{
  "name": "verman-tui-www",
  "version": "0.0.1",
  "lockfileVersion": 3,
  "requires": true,
  "packages": {
    "": {
      "name": "verman-tui-www",
      "version": "0.0.1",
      "license": "Apache-2.0 OR MIT OR CC0",
      "dependencies": {
        "tuicss": "^2.1.2"
      }
    },
    "node_modules/tuicss": {
      "version": "2.1.2",
      "resolved": "https://registry.npmjs.org/tuicss/-/tuicss-2.1.2.tgz",
      "integrity": "sha512-bqsV0FPyargcF3s5wXAyFaZsQPf9a1jLeHqSURohQMXS06PkTfIuZwILE5bFoZouLhPjvhvNQanHaqMBU4/amA==",
      "license": "MIT"
    }
  }
}
